
Microsoft Visual Studio Solution File, Format Version 12.00
# Visual Studio Version 16
VisualStudioVersion = 25.0.1706.1
MinimumVisualStudioVersion = 10.0.40219.1
Project("{FAE04EC0-301F-11D3-BF4B-00C04F79EFBC}") = "circulo.cs", "circulo.cs.csproj", "{C2C33257-C6C1-4A54-937D-F9CFF28257BE}"
EndProject
Global
	GlobalSection(SolutionConfigurationPlatforms) = preSolution
		Debug|Any CPU = Debug|Any CPU
		Release|Any CPU = Release|Any CPU
	EndGlobalSection
	GlobalSection(ProjectConfigurationPlatforms) = postSolution
		{C2C33257-C6C1-4A54-937D-F9CFF28257BE}.Debug|Any CPU.ActiveCfg = Debug|Any CPU
		{C2C33257-C6C1-4A54-937D-F9CFF28257BE}.Debug|Any CPU.Build.0 = Debug|Any CPU
		{C2C33257-C6C1-4A54-937D-F9CFF28257BE}.Release|Any CPU.ActiveCfg = Release|Any CPU
		{C2C33257-C6C1-4A54-937D-F9CFF28257BE}.Release|Any CPU.Build.0 = Release|Any CPU
	EndGlobalSection
	GlobalSection(SolutionProperties) = preSolution
		HideSolutionNode = FALSE
	EndGlobalSection
	GlobalSection(ExtensibilityGlobals) = postSolution
		SolutionGuid = {09CA0B2D-1DFE-496C-BB8E-651031088ED3}
	EndGlobalSection
EndGlobal
